
Microsoft Visual Studio Solution File, Format Version 12.00
# Visual Studio Version 17
VisualStudioVersion = 17.2.32630.192
MinimumVisualStudioVersion = 10.0.40219.1
Project("{FAE04EC0-301F-11D3-BF4B-00C04F79EFBC}") = "WpfAppSQLTermekek", "WpfAppSQLTermekek\WpfAppSQLTermekek.csproj", "{C5FBCF05-4268-4124-A55A-5C81D3B6FB23}"
EndProject
Global
	GlobalSection(SolutionConfigurationPlatforms) = preSolution
		Debug|Any CPU = Debug|Any CPU
		Release|Any CPU = Release|Any CPU
	EndGlobalSection
	GlobalSection(ProjectConfigurationPlatforms) = postSolution
		{C5FBCF05-4268-4124-A55A-5C81D3B6FB23}.Debug|Any CPU.ActiveCfg = Debug|Any CPU
		{C5FBCF05-4268-4124-A55A-5C81D3B6FB23}.Debug|Any CPU.Build.0 = Debug|Any CPU
		{C5FBCF05-4268-4124-A55A-5C81D3B6FB23}.Release|Any CPU.ActiveCfg = Release|Any CPU
		{C5FBCF05-4268-4124-A55A-5C81D3B6FB23}.Release|Any CPU.Build.0 = Release|Any CPU
	EndGlobalSection
	GlobalSection(SolutionProperties) = preSolution
		HideSolutionNode = FALSE
	EndGlobalSection
	GlobalSection(ExtensibilityGlobals) = postSolution
		SolutionGuid = {CD4857D8-A4A8-4BC7-8827-865B1B2A41D8}
	EndGlobalSection
EndGlobal
